
Microsoft Visual Studio Solution File, Format Version 12.00
# Visual Studio Version 16
VisualStudioVersion = 16.0.29411.108
MinimumVisualStudioVersion = 10.0.40219.1
Project("{FAE04EC0-301F-11D3-BF4B-00C04F79EFBC}") = "GoogleMeetLogsNavigator", "GoogleMeetLogsNavigator.csproj", "{C1B3AF4B-A8FB-427E-AEF3-BF1CA6AC4D64}"
EndProject
Project("{FAE04EC0-301F-11D3-BF4B-00C04F79EFBC}") = "Test", "..\Test\Test.csproj", "{D9C8E606-685B-4B22-9F4B-F00C61550727}"
EndProject
Project("{54435603-DBB4-11D2-8724-00A0C9A8B90C}") = "SetupGMLN", "..\SetupGMLN\SetupGMLN.vdproj", "{6BDAC822-6F89-4F57-8AD1-7C571224FBB9}"
EndProject
Global
	GlobalSection(SolutionConfigurationPlatforms) = preSolution
		Debug|Any CPU = Debug|Any CPU
		Release|Any CPU = Release|Any CPU
	EndGlobalSection
	GlobalSection(ProjectConfigurationPlatforms) = postSolution
		{C1B3AF4B-A8FB-427E-AEF3-BF1CA6AC4D64}.Debug|Any CPU.ActiveCfg = Debug|Any CPU
		{C1B3AF4B-A8FB-427E-AEF3-BF1CA6AC4D64}.Debug|Any CPU.Build.0 = Debug|Any CPU
		{C1B3AF4B-A8FB-427E-AEF3-BF1CA6AC4D64}.Release|Any CPU.ActiveCfg = Release|Any CPU
		{C1B3AF4B-A8FB-427E-AEF3-BF1CA6AC4D64}.Release|Any CPU.Build.0 = Release|Any CPU
		{D9C8E606-685B-4B22-9F4B-F00C61550727}.Debug|Any CPU.ActiveCfg = Debug|Any CPU
		{D9C8E606-685B-4B22-9F4B-F00C61550727}.Debug|Any CPU.Build.0 = Debug|Any CPU
		{D9C8E606-685B-4B22-9F4B-F00C61550727}.Release|Any CPU.ActiveCfg = Release|Any CPU
		{D9C8E606-685B-4B22-9F4B-F00C61550727}.Release|Any CPU.Build.0 = Release|Any CPU
		{6BDAC822-6F89-4F57-8AD1-7C571224FBB9}.Debug|Any CPU.ActiveCfg = Debug
		{6BDAC822-6F89-4F57-8AD1-7C571224FBB9}.Release|Any CPU.ActiveCfg = Release
	EndGlobalSection
	GlobalSection(SolutionProperties) = preSolution
		HideSolutionNode = FALSE
	EndGlobalSection
	GlobalSection(ExtensibilityGlobals) = postSolution
		SolutionGuid = {0A69E4A1-DA92-46AE-A7D3-A91625579237}
	EndGlobalSection
EndGlobal
